
Microsoft Visual Studio Solution File, Format Version 10.00
# Visual Studio 2008
Project("{2150E333-8FDC-42A3-9474-1A3956D46DE8}") = "Property Sheets", "Property Sheets", "{5CDB12AB-1334-4EB6-B9C9-FF6EA5434006}"
	ProjectSection(SolutionItems) = preProject
		crono-vcversion.vsprops = crono-vcversion.vsprops
		..\crono.vsprops = ..\crono.vsprops
		..\nadir.vsprops = ..\nadir.vsprops
		..\patrona.vsprops = ..\patrona.vsprops
	EndProjectSection
EndProject
Project("{2150E333-8FDC-42A3-9474-1A3956D46DE8}") = "app", "app", "{352F2DEC-E91B-4FD0-ABAC-9C15FC51A321}"
EndProject
Project("{2150E333-8FDC-42A3-9474-1A3956D46DE8}") = "lib", "lib", "{5FD626D0-5DA9-4374-A200-4474311E408F}"
EndProject
Project("{8BC9CEB8-8B4A-11D0-8D11-00A0C91BC942}") = "libcrono", "libcrono\libcrono.vcproj", "{AE1991FA-AAEE-4661-8927-99B372994D8D}"
EndProject
Project("{8BC9CEB8-8B4A-11D0-8D11-00A0C91BC942}") = "hello", "hello\hello.vcproj", "{E93525AE-8382-4B04-885F-60BB8777CD2F}"
EndProject
Global
	GlobalSection(SolutionConfigurationPlatforms) = preSolution
		Debug|Win32 = Debug|Win32
		Debug|x64 = Debug|x64
		Release|Win32 = Release|Win32
		Release|x64 = Release|x64
	EndGlobalSection
	GlobalSection(ProjectConfigurationPlatforms) = postSolution
		{AE1991FA-AAEE-4661-8927-99B372994D8D}.Debug|Win32.ActiveCfg = Debug|Win32
		{AE1991FA-AAEE-4661-8927-99B372994D8D}.Debug|Win32.Build.0 = Debug|Win32
		{AE1991FA-AAEE-4661-8927-99B372994D8D}.Debug|x64.ActiveCfg = Debug|x64
		{AE1991FA-AAEE-4661-8927-99B372994D8D}.Debug|x64.Build.0 = Debug|x64
		{AE1991FA-AAEE-4661-8927-99B372994D8D}.Release|Win32.ActiveCfg = Release|Win32
		{AE1991FA-AAEE-4661-8927-99B372994D8D}.Release|Win32.Build.0 = Release|Win32
		{AE1991FA-AAEE-4661-8927-99B372994D8D}.Release|x64.ActiveCfg = Release|x64
		{AE1991FA-AAEE-4661-8927-99B372994D8D}.Release|x64.Build.0 = Release|x64
		{E93525AE-8382-4B04-885F-60BB8777CD2F}.Debug|Win32.ActiveCfg = Debug|Win32
		{E93525AE-8382-4B04-885F-60BB8777CD2F}.Debug|Win32.Build.0 = Debug|Win32
		{E93525AE-8382-4B04-885F-60BB8777CD2F}.Debug|x64.ActiveCfg = Debug|Win32
		{E93525AE-8382-4B04-885F-60BB8777CD2F}.Release|Win32.ActiveCfg = Release|Win32
		{E93525AE-8382-4B04-885F-60BB8777CD2F}.Release|Win32.Build.0 = Release|Win32
		{E93525AE-8382-4B04-885F-60BB8777CD2F}.Release|x64.ActiveCfg = Release|Win32
	EndGlobalSection
	GlobalSection(SolutionProperties) = preSolution
		HideSolutionNode = FALSE
	EndGlobalSection
	GlobalSection(NestedProjects) = preSolution
		{E93525AE-8382-4B04-885F-60BB8777CD2F} = {352F2DEC-E91B-4FD0-ABAC-9C15FC51A321}
		{AE1991FA-AAEE-4661-8927-99B372994D8D} = {5FD626D0-5DA9-4374-A200-4474311E408F}
	EndGlobalSection
EndGlobal
